
Microsoft Visual Studio Solution File, Format Version 12.00
# Visual Studio Version 17
VisualStudioVersion = 17.13.35825.156
MinimumVisualStudioVersion = 10.0.40219.1
Project("{FAE04EC0-301F-11D3-BF4B-00C04F79EFBC}") = "EnglishLearningAPI", "EnglishLearningAPI\EnglishLearningAPI.csproj", "{C9B89D43-4C9F-4C7B-8E2C-169A11B188E2}"
EndProject
Global
	GlobalSection(SolutionConfigurationPlatforms) = preSolution
		Debug|Any CPU = Debug|Any CPU
		Release|Any CPU = Release|Any CPU
	EndGlobalSection
	GlobalSection(ProjectConfigurationPlatforms) = postSolution
		{C9B89D43-4C9F-4C7B-8E2C-169A11B188E2}.Debug|Any CPU.ActiveCfg = Debug|Any CPU
		{C9B89D43-4C9F-4C7B-8E2C-169A11B188E2}.Debug|Any CPU.Build.0 = Debug|Any CPU
		{C9B89D43-4C9F-4C7B-8E2C-169A11B188E2}.Release|Any CPU.ActiveCfg = Release|Any CPU
		{C9B89D43-4C9F-4C7B-8E2C-169A11B188E2}.Release|Any CPU.Build.0 = Release|Any CPU
	EndGlobalSection
	GlobalSection(SolutionProperties) = preSolution
		HideSolutionNode = FALSE
	EndGlobalSection
	GlobalSection(ExtensibilityGlobals) = postSolution
		SolutionGuid = {86AED39E-99AD-4C26-A8BD-F587F5B0228D}
	EndGlobalSection
EndGlobal
